# This file was autogenerated by Stack.
# You should not edit this file by hand.
# For more information, please see the documentation at:
#   https://docs.haskellstack.org/en/stable/lock_files

packages: []
snapshots:
- completed:
    size: 545842
    url: https://raw.githubusercontent.com/commercialhaskell/stackage-snapshots/master/nightly/2022/4/4.yaml
    sha256: c4a9ea936518c6d01ed21a6a838c880781d29b4c5533a5d10187d45968733a3e
  original: nightly-2022-04-04
